// !$*UTF8*$!
{
	archiveVersion = 1;
	classes = {
	};
	objectVersion = 56;
	objects = {

/* Begin PBXBuildFile section */
		FC1467B62A8C496F0023880B /* LaunchScreen.storyboard in Resources */ = {isa = PBXBuildFile; fileRef = FC1467B52A8C496F0023880B /* LaunchScreen.storyboard */; };
		FC1C0FCA2A8206EF0075AB92 /* AztecApp.swift in Sources */ = {isa = PBXBuildFile; fileRef = FC1C0FC92A8206EF0075AB92 /* AztecApp.swift */; };
		FC1C0FCE2A8206F10075AB92 /* Assets.xcassets in Resources */ = {isa = PBXBuildFile; fileRef = FC1C0FCD2A8206F10075AB92 /* Assets.xcassets */; };
		FC1C0FD12A8206F10075AB92 /* Preview Assets.xcassets in Resources */ = {isa = PBXBuildFile; fileRef = FC1C0FD02A8206F10075AB92 /* Preview Assets.xcassets */; };
		FC94E8892A8AC82E0027B826 /* SwitchView.swift in Sources */ = {isa = PBXBuildFile; fileRef = FC94E8882A8AC82E0027B826 /* SwitchView.swift */; };
		FC94E88D2A8AE8020027B826 /* SettingsCellView.swift in Sources */ = {isa = PBXBuildFile; fileRef = FC94E88C2A8AE8020027B826 /* SettingsCellView.swift */; };
		FC94E88F2A8AEBF30027B826 /* Constants.swift in Sources */ = {isa = PBXBuildFile; fileRef = FC94E88E2A8AEBF30027B826 /* Constants.swift */; };
		FCA693F12A886F2E00278908 /* AppCoordinator.swift in Sources */ = {isa = PBXBuildFile; fileRef = FCA693F02A886F2E00278908 /* AppCoordinator.swift */; };
		FCA693F32A89636C00278908 /* FlowView.swift in Sources */ = {isa = PBXBuildFile; fileRef = FCA693F22A89636C00278908 /* FlowView.swift */; };
		FCA693F82A89642F00278908 /* HomeScreen.swift in Sources */ = {isa = PBXBuildFile; fileRef = FCA693F72A89642F00278908 /* HomeScreen.swift */; };
		FCA693FA2A8964B400278908 /* NavigableView.swift in Sources */ = {isa = PBXBuildFile; fileRef = FCA693F92A8964B400278908 /* NavigableView.swift */; };
		FCA693FC2A8964BF00278908 /* FlowRoute.swift in Sources */ = {isa = PBXBuildFile; fileRef = FCA693FB2A8964BF00278908 /* FlowRoute.swift */; };
		FCA693FF2A8966F800278908 /* QuizScreen.swift in Sources */ = {isa = PBXBuildFile; fileRef = FCA693FE2A8966F800278908 /* QuizScreen.swift */; };
		FCA6940A2A898C0F00278908 /* Collection+Extensions.swift in Sources */ = {isa = PBXBuildFile; fileRef = FCA694092A898C0F00278908 /* Collection+Extensions.swift */; };
		FCA6940C2A89946D00278908 /* BookView.swift in Sources */ = {isa = PBXBuildFile; fileRef = FCA6940B2A89946D00278908 /* BookView.swift */; };
		FCA694122A89B0C700278908 /* PageView.swift in Sources */ = {isa = PBXBuildFile; fileRef = FCA694112A89B0C700278908 /* PageView.swift */; };
		FCA694152A89B42800278908 /* PressStart2P-Regular.ttf in Resources */ = {isa = PBXBuildFile; fileRef = FCA694142A89B42800278908 /* PressStart2P-Regular.ttf */; };
		FCA694182A89B48B00278908 /* Font+Extensions.swift in Sources */ = {isa = PBXBuildFile; fileRef = FCA694172A89B48B00278908 /* Font+Extensions.swift */; };
		FCA6941B2A89B55400278908 /* GodsPageView.swift in Sources */ = {isa = PBXBuildFile; fileRef = FCA6941A2A89B55400278908 /* GodsPageView.swift */; };
		FCA6941E2A89C25F00278908 /* Localizable.strings in Resources */ = {isa = PBXBuildFile; fileRef = FCA694202A89C25F00278908 /* Localizable.strings */; };
		FCA694252A89CC5B00278908 /* HerdPageView.swift in Sources */ = {isa = PBXBuildFile; fileRef = FCA694242A89CC5B00278908 /* HerdPageView.swift */; };
		FCA694272A89EA3600278908 /* FirstSunPageView.swift in Sources */ = {isa = PBXBuildFile; fileRef = FCA694262A89EA3600278908 /* FirstSunPageView.swift */; };
		FCA6942B2A89EA8600278908 /* SecondSunPageView.swift in Sources */ = {isa = PBXBuildFile; fileRef = FCA6942A2A89EA8600278908 /* SecondSunPageView.swift */; };
		FCA6942D2A89EA9500278908 /* HurricanePageView.swift in Sources */ = {isa = PBXBuildFile; fileRef = FCA6942C2A89EA9500278908 /* HurricanePageView.swift */; };
		FCA6942F2A89EA9D00278908 /* ThirdSunPageView.swift in Sources */ = {isa = PBXBuildFile; fileRef = FCA6942E2A89EA9D00278908 /* ThirdSunPageView.swift */; };
		FCA694312A89EAA600278908 /* DroughtPageView.swift in Sources */ = {isa = PBXBuildFile; fileRef = FCA694302A89EAA600278908 /* DroughtPageView.swift */; };
		FCA694332A89EAAF00278908 /* FourthSunPageView.swift in Sources */ = {isa = PBXBuildFile; fileRef = FCA694322A89EAAF00278908 /* FourthSunPageView.swift */; };
		FCA694352A89EAB700278908 /* FloodPageView.swift in Sources */ = {isa = PBXBuildFile; fileRef = FCA694342A89EAB700278908 /* FloodPageView.swift */; };
		FCA694372A89EABE00278908 /* MoonPageView.swift in Sources */ = {isa = PBXBuildFile; fileRef = FCA694362A89EABE00278908 /* MoonPageView.swift */; };
		FCA694392A89EAC600278908 /* HumanPageView.swift in Sources */ = {isa = PBXBuildFile; fileRef = FCA694382A89EAC600278908 /* HumanPageView.swift */; };
		FCA6943B2A89EADC00278908 /* FifthSunPageView.swift in Sources */ = {isa = PBXBuildFile; fileRef = FCA6943A2A89EADC00278908 /* FifthSunPageView.swift */; };
		FCA6943F2A89FE3300278908 /* View+Extensions.swift in Sources */ = {isa = PBXBuildFile; fileRef = FCA6943E2A89FE3300278908 /* View+Extensions.swift */; };
		FCA694422A8A06FB00278908 /* Rain.sks in Resources */ = {isa = PBXBuildFile; fileRef = FCA694402A8A06FB00278908 /* Rain.sks */; };
		FCA694432A8A06FB00278908 /* Assets.xcassets in Resources */ = {isa = PBXBuildFile; fileRef = FCA694412A8A06FB00278908 /* Assets.xcassets */; };
		FCA694452A8A187A00278908 /* String+Extensions.swift in Sources */ = {isa = PBXBuildFile; fileRef = FCA694442A8A187A00278908 /* String+Extensions.swift */; };
		FCA6944A2A8A29A000278908 /* SettingsScreen.swift in Sources */ = {isa = PBXBuildFile; fileRef = FCA694492A8A29A000278908 /* SettingsScreen.swift */; };
		FCA6944C2A8A2B0A00278908 /* HeaderView.swift in Sources */ = {isa = PBXBuildFile; fileRef = FCA6944B2A8A2B0A00278908 /* HeaderView.swift */; };
		FCA694512A8A31D400278908 /* QuizListScreen.swift in Sources */ = {isa = PBXBuildFile; fileRef = FCA694502A8A31D400278908 /* QuizListScreen.swift */; };
		FCA694552A8A32AB00278908 /* Quiz.swift in Sources */ = {isa = PBXBuildFile; fileRef = FCA694542A8A32AB00278908 /* Quiz.swift */; };
		FCA694572A8A363200278908 /* QuizListCellView.swift in Sources */ = {isa = PBXBuildFile; fileRef = FCA694562A8A363200278908 /* QuizListCellView.swift */; };
		FCABB4442A8B1E7400DF9306 /* QuizResultView.swift in Sources */ = {isa = PBXBuildFile; fileRef = FCABB4432A8B1E7400DF9306 /* QuizResultView.swift */; };
		FCABB4462A8B36C800DF9306 /* SunQuiz.swift in Sources */ = {isa = PBXBuildFile; fileRef = FCABB4452A8B36C800DF9306 /* SunQuiz.swift */; };
		FCC3F5B22A91EDFF0074924D /* PageProtocol.swift in Sources */ = {isa = PBXBuildFile; fileRef = FCC3F5B12A91EDFF0074924D /* PageProtocol.swift */; };
		FCC3F5B52A91EE650074924D /* SunPages.swift in Sources */ = {isa = PBXBuildFile; fileRef = FCC3F5B42A91EE650074924D /* SunPages.swift */; };
/* End PBXBuildFile section */

/* Begin PBXFileReference section */
		FC1467B52A8C496F0023880B /* LaunchScreen.storyboard */ = {isa = PBXFileReference; lastKnownFileType = file.storyboard; path = LaunchScreen.storyboard; sourceTree = "<group>"; };
		FC1C0FC62A8206EF0075AB92 /* Aztec.app */ = {isa = PBXFileReference; explicitFileType = wrapper.application; includeInIndex = 0; path = Aztec.app; sourceTree = BUILT_PRODUCTS_DIR; };
		FC1C0FC92A8206EF0075AB92 /* AztecApp.swift */ = {isa = PBXFileReference; lastKnownFileType = sourcecode.swift; path = AztecApp.swift; sourceTree = "<group>"; };
		FC1C0FCD2A8206F10075AB92 /* Assets.xcassets */ = {isa = PBXFileReference; lastKnownFileType = folder.assetcatalog; path = Assets.xcassets; sourceTree = "<group>"; };
		FC1C0FD02A8206F10075AB92 /* Preview Assets.xcassets */ = {isa = PBXFileReference; lastKnownFileType = folder.assetcatalog; path = "Preview Assets.xcassets"; sourceTree = "<group>"; };
		FC94E8882A8AC82E0027B826 /* SwitchView.swift */ = {isa = PBXFileReference; lastKnownFileType = sourcecode.swift; path = SwitchView.swift; sourceTree = "<group>"; };
		FC94E88C2A8AE8020027B826 /* SettingsCellView.swift */ = {isa = PBXFileReference; lastKnownFileType = sourcecode.swift; path = SettingsCellView.swift; sourceTree = "<group>"; };
		FC94E88E2A8AEBF30027B826 /* Constants.swift */ = {isa = PBXFileReference; lastKnownFileType = sourcecode.swift; path = Constants.swift; sourceTree = "<group>"; };
		FCA693F02A886F2E00278908 /* AppCoordinator.swift */ = {isa = PBXFileReference; lastKnownFileType = sourcecode.swift; path = AppCoordinator.swift; sourceTree = "<group>"; };
		FCA693F22A89636C00278908 /* FlowView.swift */ = {isa = PBXFileReference; lastKnownFileType = sourcecode.swift; path = FlowView.swift; sourceTree = "<group>"; };
		FCA693F72A89642F00278908 /* HomeScreen.swift */ = {isa = PBXFileReference; lastKnownFileType = sourcecode.swift; path = HomeScreen.swift; sourceTree = "<group>"; };
		FCA693F92A8964B400278908 /* NavigableView.swift */ = {isa = PBXFileReference; lastKnownFileType = sourcecode.swift; path = NavigableView.swift; sourceTree = "<group>"; };
		FCA693FB2A8964BF00278908 /* FlowRoute.swift */ = {isa = PBXFileReference; lastKnownFileType = sourcecode.swift; path = FlowRoute.swift; sourceTree = "<group>"; };
		FCA693FE2A8966F800278908 /* QuizScreen.swift */ = {isa = PBXFileReference; lastKnownFileType = sourcecode.swift; path = QuizScreen.swift; sourceTree = "<group>"; };
		FCA694092A898C0F00278908 /* Collection+Extensions.swift */ = {isa = PBXFileReference; lastKnownFileType = sourcecode.swift; path = "Collection+Extensions.swift"; sourceTree = "<group>"; };
		FCA6940B2A89946D00278908 /* BookView.swift */ = {isa = PBXFileReference; lastKnownFileType = sourcecode.swift; path = BookView.swift; sourceTree = "<group>"; };
		FCA694112A89B0C700278908 /* PageView.swift */ = {isa = PBXFileReference; lastKnownFileType = sourcecode.swift; path = PageView.swift; sourceTree = "<group>"; };
		FCA694142A89B42800278908 /* PressStart2P-Regular.ttf */ = {isa = PBXFileReference; lastKnownFileType = file; path = "PressStart2P-Regular.ttf"; sourceTree = "<group>"; };
		FCA694162A89B44A00278908 /* Info.plist */ = {isa = PBXFileReference; lastKnownFileType = text.plist; path = Info.plist; sourceTree = "<group>"; };
		FCA694172A89B48B00278908 /* Font+Extensions.swift */ = {isa = PBXFileReference; lastKnownFileType = sourcecode.swift; path = "Font+Extensions.swift"; sourceTree = "<group>"; };
		FCA6941A2A89B55400278908 /* GodsPageView.swift */ = {isa = PBXFileReference; lastKnownFileType = sourcecode.swift; path = GodsPageView.swift; sourceTree = "<group>"; };
		FCA6941F2A89C25F00278908 /* en */ = {isa = PBXFileReference; lastKnownFileType = text.plist.strings; name = en; path = en.lproj/Localizable.strings; sourceTree = "<group>"; };
		FCA694212A89C29000278908 /* pt-BR */ = {isa = PBXFileReference; lastKnownFileType = text.plist.strings; name = "pt-BR"; path = "pt-BR.lproj/Localizable.strings"; sourceTree = "<group>"; };
		FCA694222A89C2FE00278908 /* es-419 */ = {isa = PBXFileReference; lastKnownFileType = text.plist.strings; name = "es-419"; path = "es-419.lproj/Localizable.strings"; sourceTree = "<group>"; };
		FCA694232A89C30300278908 /* es */ = {isa = PBXFileReference; lastKnownFileType = text.plist.strings; name = es; path = es.lproj/Localizable.strings; sourceTree = "<group>"; };
		FCA694242A89CC5B00278908 /* HerdPageView.swift */ = {isa = PBXFileReference; lastKnownFileType = sourcecode.swift; path = HerdPageView.swift; sourceTree = "<group>"; };
		FCA694262A89EA3600278908 /* FirstSunPageView.swift */ = {isa = PBXFileReference; lastKnownFileType = sourcecode.swift; path = FirstSunPageView.swift; sourceTree = "<group>"; };
		FCA6942A2A89EA8600278908 /* SecondSunPageView.swift */ = {isa = PBXFileReference; lastKnownFileType = sourcecode.swift; path = SecondSunPageView.swift; sourceTree = "<group>"; };
		FCA6942C2A89EA9500278908 /* HurricanePageView.swift */ = {isa = PBXFileReference; lastKnownFileType = sourcecode.swift; path = HurricanePageView.swift; sourceTree = "<group>"; };
		FCA6942E2A89EA9D00278908 /* ThirdSunPageView.swift */ = {isa = PBXFileReference; lastKnownFileType = sourcecode.swift; path = ThirdSunPageView.swift; sourceTree = "<group>"; };
		FCA694302A89EAA600278908 /* DroughtPageView.swift */ = {isa = PBXFileReference; lastKnownFileType = sourcecode.swift; path = DroughtPageView.swift; sourceTree = "<group>"; };
		FCA694322A89EAAF00278908 /* FourthSunPageView.swift */ = {isa = PBXFileReference; lastKnownFileType = sourcecode.swift; path = FourthSunPageView.swift; sourceTree = "<group>"; };
		FCA694342A89EAB700278908 /* FloodPageView.swift */ = {isa = PBXFileReference; lastKnownFileType = sourcecode.swift; path = FloodPageView.swift; sourceTree = "<group>"; };
		FCA694362A89EABE00278908 /* MoonPageView.swift */ = {isa = PBXFileReference; lastKnownFileType = sourcecode.swift; path = MoonPageView.swift; sourceTree = "<group>"; };
		FCA694382A89EAC600278908 /* HumanPageView.swift */ = {isa = PBXFileReference; lastKnownFileType = sourcecode.swift; path = HumanPageView.swift; sourceTree = "<group>"; };
		FCA6943A2A89EADC00278908 /* FifthSunPageView.swift */ = {isa = PBXFileReference; lastKnownFileType = sourcecode.swift; path = FifthSunPageView.swift; sourceTree = "<group>"; };
		FCA6943E2A89FE3300278908 /* View+Extensions.swift */ = {isa = PBXFileReference; lastKnownFileType = sourcecode.swift; path = "View+Extensions.swift"; sourceTree = "<group>"; };
		FCA694402A8A06FB00278908 /* Rain.sks */ = {isa = PBXFileReference; lastKnownFileType = file.sks; path = Rain.sks; sourceTree = "<group>"; };
		FCA694412A8A06FB00278908 /* Assets.xcassets */ = {isa = PBXFileReference; lastKnownFileType = folder.assetcatalog; path = Assets.xcassets; sourceTree = "<group>"; };
		FCA694442A8A187A00278908 /* String+Extensions.swift */ = {isa = PBXFileReference; lastKnownFileType = sourcecode.swift; path = "String+Extensions.swift"; sourceTree = "<group>"; };
		FCA694492A8A29A000278908 /* SettingsScreen.swift */ = {isa = PBXFileReference; lastKnownFileType = sourcecode.swift; path = SettingsScreen.swift; sourceTree = "<group>"; };
		FCA6944B2A8A2B0A00278908 /* HeaderView.swift */ = {isa = PBXFileReference; lastKnownFileType = sourcecode.swift; path = HeaderView.swift; sourceTree = "<group>"; };
		FCA694502A8A31D400278908 /* QuizListScreen.swift */ = {isa = PBXFileReference; lastKnownFileType = sourcecode.swift; path = QuizListScreen.swift; sourceTree = "<group>"; };
		FCA694542A8A32AB00278908 /* Quiz.swift */ = {isa = PBXFileReference; lastKnownFileType = sourcecode.swift; path = Quiz.swift; sourceTree = "<group>"; };
		FCA694562A8A363200278908 /* QuizListCellView.swift */ = {isa = PBXFileReference; lastKnownFileType = sourcecode.swift; path = QuizListCellView.swift; sourceTree = "<group>"; };
		FCABB4432A8B1E7400DF9306 /* QuizResultView.swift */ = {isa = PBXFileReference; lastKnownFileType = sourcecode.swift; path = QuizResultView.swift; sourceTree = "<group>"; };
		FCABB4452A8B36C800DF9306 /* SunQuiz.swift */ = {isa = PBXFileReference; lastKnownFileType = sourcecode.swift; path = SunQuiz.swift; sourceTree = "<group>"; };
		FCC3F5B12A91EDFF0074924D /* PageProtocol.swift */ = {isa = PBXFileReference; lastKnownFileType = sourcecode.swift; path = PageProtocol.swift; sourceTree = "<group>"; };
		FCC3F5B42A91EE650074924D /* SunPages.swift */ = {isa = PBXFileReference; lastKnownFileType = sourcecode.swift; path = SunPages.swift; sourceTree = "<group>"; };
/* End PBXFileReference section */

/* Begin PBXFrameworksBuildPhase section */
		FC1C0FC32A8206EF0075AB92 /* Frameworks */ = {
			isa = PBXFrameworksBuildPhase;
			buildActionMask = 2147483647;
			files = (
			);
			runOnlyForDeploymentPostprocessing = 0;
		};
/* End PBXFrameworksBuildPhase section */

/* Begin PBXGroup section */
		FC1C0FBD2A8206EF0075AB92 = {
			isa = PBXGroup;
			children = (
				FC1C0FC82A8206EF0075AB92 /* Aztec */,
				FC1C0FC72A8206EF0075AB92 /* Products */,
			);
			sourceTree = "<group>";
		};
		FC1C0FC72A8206EF0075AB92 /* Products */ = {
			isa = PBXGroup;
			children = (
				FC1C0FC62A8206EF0075AB92 /* Aztec.app */,
			);
			name = Products;
			sourceTree = "<group>";
		};
		FC1C0FC82A8206EF0075AB92 /* Aztec */ = {
			isa = PBXGroup;
			children = (
				FCA694162A89B44A00278908 /* Info.plist */,
				FCA694132A89B40100278908 /* Resources */,
				FCA693E32A886E0C00278908 /* Source */,
				FC1C0FC92A8206EF0075AB92 /* AztecApp.swift */,
				FC1C0FCD2A8206F10075AB92 /* Assets.xcassets */,
				FC1C0FCF2A8206F10075AB92 /* Preview Content */,
			);
			path = Aztec;
			sourceTree = "<group>";
		};
		FC1C0FCF2A8206F10075AB92 /* Preview Content */ = {
			isa = PBXGroup;
			children = (
				FC1C0FD02A8206F10075AB92 /* Preview Assets.xcassets */,
			);
			path = "Preview Content";
			sourceTree = "<group>";
		};
		FC94E8902A8AF2DF0027B826 /* Quiz */ = {
			isa = PBXGroup;
			children = (
				FC94E8912A8AF2E90027B826 /* Levels */,
				FCA694542A8A32AB00278908 /* Quiz.swift */,
			);
			path = Quiz;
			sourceTree = "<group>";
		};
		FC94E8912A8AF2E90027B826 /* Levels */ = {
			isa = PBXGroup;
			children = (
				FCABB4452A8B36C800DF9306 /* SunQuiz.swift */,
			);
			path = Levels;
			sourceTree = "<group>";
		};
		FCA693E32A886E0C00278908 /* Source */ = {
			isa = PBXGroup;
			children = (
				FCA6940D2A89AC8E00278908 /* Domain */,
				FCA693EF2A886F2700278908 /* Navigation */,
				FCA693F42A89642200278908 /* UI */,
				FCA694072A898BCC00278908 /* Utils */,
			);
			path = Source;
			sourceTree = "<group>";
		};
		FCA693EF2A886F2700278908 /* Navigation */ = {
			isa = PBXGroup;
			children = (
				FCA693F02A886F2E00278908 /* AppCoordinator.swift */,
				FCA693FB2A8964BF00278908 /* FlowRoute.swift */,
				FCA693F22A89636C00278908 /* FlowView.swift */,
				FCA693F92A8964B400278908 /* NavigableView.swift */,
			);
			path = Navigation;
			sourceTree = "<group>";
		};
		FCA693F42A89642200278908 /* UI */ = {
			isa = PBXGroup;
			children = (
				FCA694062A897A9900278908 /* Components */,
				FCA693F52A89642500278908 /* Features */,
			);
			path = UI;
			sourceTree = "<group>";
		};
		FCA693F52A89642500278908 /* Features */ = {
			isa = PBXGroup;
			children = (
				FCA693F62A89642600278908 /* Home */,
				FCA693FD2A89663F00278908 /* Quiz */,
				FCA6944F2A8A316C00278908 /* QuizList */,
				FCA694482A8A299500278908 /* Settings */,
			);
			path = Features;
			sourceTree = "<group>";
		};
		FCA693F62A89642600278908 /* Home */ = {
			isa = PBXGroup;
			children = (
				FCA693F72A89642F00278908 /* HomeScreen.swift */,
			);
			path = Home;
			sourceTree = "<group>";
		};
		FCA693FD2A89663F00278908 /* Quiz */ = {
			isa = PBXGroup;
			children = (
				FCA693FE2A8966F800278908 /* QuizScreen.swift */,
			);
			path = Quiz;
			sourceTree = "<group>";
		};
		FCA694062A897A9900278908 /* Components */ = {
			isa = PBXGroup;
			children = (
				FCA694192A89B52D00278908 /* Pages */,
				FCA6940B2A89946D00278908 /* BookView.swift */,
				FCA6944B2A8A2B0A00278908 /* HeaderView.swift */,
				FCA694112A89B0C700278908 /* PageView.swift */,
				FCA694562A8A363200278908 /* QuizListCellView.swift */,
				FCABB4432A8B1E7400DF9306 /* QuizResultView.swift */,
				FC94E88C2A8AE8020027B826 /* SettingsCellView.swift */,
				FC94E8882A8AC82E0027B826 /* SwitchView.swift */,
			);
			path = Components;
			sourceTree = "<group>";
		};
		FCA694072A898BCC00278908 /* Utils */ = {
			isa = PBXGroup;
			children = (
				FCA694082A898C0100278908 /* Extensions */,
				FC94E88E2A8AEBF30027B826 /* Constants.swift */,
			);
			path = Utils;
			sourceTree = "<group>";
		};
		FCA694082A898C0100278908 /* Extensions */ = {
			isa = PBXGroup;
			children = (
				FCA694092A898C0F00278908 /* Collection+Extensions.swift */,
				FCA694172A89B48B00278908 /* Font+Extensions.swift */,
				FCA694442A8A187A00278908 /* String+Extensions.swift */,
				FCA6943E2A89FE3300278908 /* View+Extensions.swift */,
			);
			path = Extensions;
			sourceTree = "<group>";
		};
		FCA6940D2A89AC8E00278908 /* Domain */ = {
			isa = PBXGroup;
			children = (
				FCA6940E2A89AC9400278908 /* Models */,
			);
			path = Domain;
			sourceTree = "<group>";
		};
		FCA6940E2A89AC9400278908 /* Models */ = {
			isa = PBXGroup;
			children = (
				FCC3F5B02A91EDF00074924D /* Pages */,
				FC94E8902A8AF2DF0027B826 /* Quiz */,
			);
			path = Models;
			sourceTree = "<group>";
		};
		FCA694132A89B40100278908 /* Resources */ = {
			isa = PBXGroup;
			children = (
				FCA694142A89B42800278908 /* PressStart2P-Regular.ttf */,
				FCA694202A89C25F00278908 /* Localizable.strings */,
				FCA694402A8A06FB00278908 /* Rain.sks */,
				FCA694412A8A06FB00278908 /* Assets.xcassets */,
				FC1467B52A8C496F0023880B /* LaunchScreen.storyboard */,
			);
			path = Resources;
			sourceTree = "<group>";
		};
		FCA694192A89B52D00278908 /* Pages */ = {
			isa = PBXGroup;
			children = (
				FCA694302A89EAA600278908 /* DroughtPageView.swift */,
				FCA6943A2A89EADC00278908 /* FifthSunPageView.swift */,
				FCA694262A89EA3600278908 /* FirstSunPageView.swift */,
				FCA694342A89EAB700278908 /* FloodPageView.swift */,
				FCA694322A89EAAF00278908 /* FourthSunPageView.swift */,
				FCA6941A2A89B55400278908 /* GodsPageView.swift */,
				FCA694242A89CC5B00278908 /* HerdPageView.swift */,
				FCA694382A89EAC600278908 /* HumanPageView.swift */,
				FCA6942C2A89EA9500278908 /* HurricanePageView.swift */,
				FCA694362A89EABE00278908 /* MoonPageView.swift */,
				FCA6942A2A89EA8600278908 /* SecondSunPageView.swift */,
				FCA6942E2A89EA9D00278908 /* ThirdSunPageView.swift */,
			);
			path = Pages;
			sourceTree = "<group>";
		};
		FCA694482A8A299500278908 /* Settings */ = {
			isa = PBXGroup;
			children = (
				FCA694492A8A29A000278908 /* SettingsScreen.swift */,
			);
			path = Settings;
			sourceTree = "<group>";
		};
		FCA6944F2A8A316C00278908 /* QuizList */ = {
			isa = PBXGroup;
			children = (
				FCA694502A8A31D400278908 /* QuizListScreen.swift */,
			);
			path = QuizList;
			sourceTree = "<group>";
		};
		FCC3F5B02A91EDF00074924D /* Pages */ = {
			isa = PBXGroup;
			children = (
				FCC3F5B32A91EE5C0074924D /* Levels */,
				FCC3F5B12A91EDFF0074924D /* PageProtocol.swift */,
			);
			path = Pages;
			sourceTree = "<group>";
		};
		FCC3F5B32A91EE5C0074924D /* Levels */ = {
			isa = PBXGroup;
			children = (
				FCC3F5B42A91EE650074924D /* SunPages.swift */,
			);
			path = Levels;
			sourceTree = "<group>";
		};
/* End PBXGroup section */

/* Begin PBXNativeTarget section */
		FC1C0FC52A8206EF0075AB92 /* Aztec */ = {
			isa = PBXNativeTarget;
			buildConfigurationList = FC1C0FD42A8206F10075AB92 /* Build configuration list for PBXNativeTarget "Aztec" */;
			buildPhases = (
				FC1C0FC22A8206EF0075AB92 /* Sources */,
				FC1C0FC32A8206EF0075AB92 /* Frameworks */,
				FC1C0FC42A8206EF0075AB92 /* Resources */,
			);
			buildRules = (
			);
			dependencies = (
			);
			name = Aztec;
			productName = Aztec;
			productReference = FC1C0FC62A8206EF0075AB92 /* Aztec.app */;
			productType = "com.apple.product-type.application";
		};
/* End PBXNativeTarget section */

/* Begin PBXProject section */
		FC1C0FBE2A8206EF0075AB92 /* Project object */ = {
			isa = PBXProject;
			attributes = {
				BuildIndependentTargetsInParallel = 1;
				LastSwiftUpdateCheck = 1420;
				LastUpgradeCheck = 1420;
				TargetAttributes = {
					FC1C0FC52A8206EF0075AB92 = {
						CreatedOnToolsVersion = 14.2;
					};
				};
			};
			buildConfigurationList = FC1C0FC12A8206EF0075AB92 /* Build configuration list for PBXProject "Aztec" */;
			compatibilityVersion = "Xcode 14.0";
			developmentRegion = en;
			hasScannedForEncodings = 0;
			knownRegions = (
				en,
				Base,
				"pt-BR",
				"es-419",
				es,
			);
			mainGroup = FC1C0FBD2A8206EF0075AB92;
			productRefGroup = FC1C0FC72A8206EF0075AB92 /* Products */;
			projectDirPath = "";
			projectRoot = "";
			targets = (
				FC1C0FC52A8206EF0075AB92 /* Aztec */,
			);
		};
/* End PBXProject section */

/* Begin PBXResourcesBuildPhase section */
		FC1C0FC42A8206EF0075AB92 /* Resources */ = {
			isa = PBXResourcesBuildPhase;
			buildActionMask = 2147483647;
			files = (
				FCA694152A89B42800278908 /* PressStart2P-Regular.ttf in Resources */,
				FCA6941E2A89C25F00278908 /* Localizable.strings in Resources */,
				FC1C0FD12A8206F10075AB92 /* Preview Assets.xcassets in Resources */,
				FCA694422A8A06FB00278908 /* Rain.sks in Resources */,
				FC1467B62A8C496F0023880B /* LaunchScreen.storyboard in Resources */,
				FCA694432A8A06FB00278908 /* Assets.xcassets in Resources */,
				FC1C0FCE2A8206F10075AB92 /* Assets.xcassets in Resources */,
			);
			runOnlyForDeploymentPostprocessing = 0;
		};
/* End PBXResourcesBuildPhase section */

/* Begin PBXSourcesBuildPhase section */
		FC1C0FC22A8206EF0075AB92 /* Sources */ = {
			isa = PBXSourcesBuildPhase;
			buildActionMask = 2147483647;
			files = (
				FCA6940C2A89946D00278908 /* BookView.swift in Sources */,
				FC94E88F2A8AEBF30027B826 /* Constants.swift in Sources */,
				FCA6943F2A89FE3300278908 /* View+Extensions.swift in Sources */,
				FCA693FA2A8964B400278908 /* NavigableView.swift in Sources */,
				FCA6941B2A89B55400278908 /* GodsPageView.swift in Sources */,
				FCABB4442A8B1E7400DF9306 /* QuizResultView.swift in Sources */,
				FCA693F32A89636C00278908 /* FlowView.swift in Sources */,
				FCA693FC2A8964BF00278908 /* FlowRoute.swift in Sources */,
				FC1C0FCA2A8206EF0075AB92 /* AztecApp.swift in Sources */,
				FCA694182A89B48B00278908 /* Font+Extensions.swift in Sources */,
				FCA694332A89EAAF00278908 /* FourthSunPageView.swift in Sources */,
				FCA693FF2A8966F800278908 /* QuizScreen.swift in Sources */,
				FCC3F5B22A91EDFF0074924D /* PageProtocol.swift in Sources */,
				FCA6942D2A89EA9500278908 /* HurricanePageView.swift in Sources */,
				FCA6940A2A898C0F00278908 /* Collection+Extensions.swift in Sources */,
				FCABB4462A8B36C800DF9306 /* SunQuiz.swift in Sources */,
				FCA694512A8A31D400278908 /* QuizListScreen.swift in Sources */,
				FCA694252A89CC5B00278908 /* HerdPageView.swift in Sources */,
				FCA694452A8A187A00278908 /* String+Extensions.swift in Sources */,
				FCA694572A8A363200278908 /* QuizListCellView.swift in Sources */,
				FCA6942F2A89EA9D00278908 /* ThirdSunPageView.swift in Sources */,
				FCA694312A89EAA600278908 /* DroughtPageView.swift in Sources */,
				FCA694392A89EAC600278908 /* HumanPageView.swift in Sources */,
				FCA6942B2A89EA8600278908 /* SecondSunPageView.swift in Sources */,
				FCA694122A89B0C700278908 /* PageView.swift in Sources */,
				FCA694352A89EAB700278908 /* FloodPageView.swift in Sources */,
				FCA6944A2A8A29A000278908 /* SettingsScreen.swift in Sources */,
				FCA694372A89EABE00278908 /* MoonPageView.swift in Sources */,
				FCA6943B2A89EADC00278908 /* FifthSunPageView.swift in Sources */,
				FC94E88D2A8AE8020027B826 /* SettingsCellView.swift in Sources */,
				FCC3F5B52A91EE650074924D /* SunPages.swift in Sources */,
				FCA694272A89EA3600278908 /* FirstSunPageView.swift in Sources */,
				FCA693F82A89642F00278908 /* HomeScreen.swift in Sources */,
				FC94E8892A8AC82E0027B826 /* SwitchView.swift in Sources */,
				FCA693F12A886F2E00278908 /* AppCoordinator.swift in Sources */,
				FCA694552A8A32AB00278908 /* Quiz.swift in Sources */,
				FCA6944C2A8A2B0A00278908 /* HeaderView.swift in Sources */,
			);
			runOnlyForDeploymentPostprocessing = 0;
		};
/* End PBXSourcesBuildPhase section */

/* Begin PBXVariantGroup section */
		FCA694202A89C25F00278908 /* Localizable.strings */ = {
			isa = PBXVariantGroup;
			children = (
				FCA6941F2A89C25F00278908 /* en */,
				FCA694212A89C29000278908 /* pt-BR */,
				FCA694222A89C2FE00278908 /* es-419 */,
				FCA694232A89C30300278908 /* es */,
			);
			name = Localizable.strings;
			sourceTree = "<group>";
		};
/* End PBXVariantGroup section */

/* Begin XCBuildConfiguration section */
		FC1C0FD22A8206F10075AB92 /* Debug */ = {
			isa = XCBuildConfiguration;
			buildSettings = {
				ALWAYS_SEARCH_USER_PATHS = NO;
				CLANG_ANALYZER_LOCALIZABILITY_NONLOCALIZED = YES;
				CLANG_ANALYZER_NONNULL = YES;
				CLANG_ANALYZER_NUMBER_OBJECT_CONVERSION = YES_AGGRESSIVE;
				CLANG_CXX_LANGUAGE_STANDARD = "gnu++20";
				CLANG_ENABLE_MODULES = YES;
				CLANG_ENABLE_OBJC_ARC = YES;
				CLANG_ENABLE_OBJC_WEAK = YES;
				CLANG_WARN_BLOCK_CAPTURE_AUTORELEASING = YES;
				CLANG_WARN_BOOL_CONVERSION = YES;
				CLANG_WARN_COMMA = YES;
				CLANG_WARN_CONSTANT_CONVERSION = YES;
				CLANG_WARN_DEPRECATED_OBJC_IMPLEMENTATIONS = YES;
				CLANG_WARN_DIRECT_OBJC_ISA_USAGE = YES_ERROR;
				CLANG_WARN_DOCUMENTATION_COMMENTS = YES;
				CLANG_WARN_EMPTY_BODY = YES;
				CLANG_WARN_ENUM_CONVERSION = YES;
				CLANG_WARN_INFINITE_RECURSION = YES;
				CLANG_WARN_INT_CONVERSION = YES;
				CLANG_WARN_NON_LITERAL_NULL_CONVERSION = YES;
				CLANG_WARN_OBJC_IMPLICIT_RETAIN_SELF = YES;
				CLANG_WARN_OBJC_LITERAL_CONVERSION = YES;
				CLANG_WARN_OBJC_ROOT_CLASS = YES_ERROR;
				CLANG_WARN_QUOTED_INCLUDE_IN_FRAMEWORK_HEADER = YES;
				CLANG_WARN_RANGE_LOOP_ANALYSIS = YES;
				CLANG_WARN_STRICT_PROTOTYPES = YES;
				CLANG_WARN_SUSPICIOUS_MOVE = YES;
				CLANG_WARN_UNGUARDED_AVAILABILITY = YES_AGGRESSIVE;
				CLANG_WARN_UNREACHABLE_CODE = YES;
				CLANG_WARN__DUPLICATE_METHOD_MATCH = YES;
				COPY_PHASE_STRIP = NO;
				DEBUG_INFORMATION_FORMAT = dwarf;
				ENABLE_STRICT_OBJC_MSGSEND = YES;
				ENABLE_TESTABILITY = YES;
				GCC_C_LANGUAGE_STANDARD = gnu11;
				GCC_DYNAMIC_NO_PIC = NO;
				GCC_NO_COMMON_BLOCKS = YES;
				GCC_OPTIMIZATION_LEVEL = 0;
				GCC_PREPROCESSOR_DEFINITIONS = (
					"DEBUG=1",
					"$(inherited)",
				);
				GCC_WARN_64_TO_32_BIT_CONVERSION = YES;
				GCC_WARN_ABOUT_RETURN_TYPE = YES_ERROR;
				GCC_WARN_UNDECLARED_SELECTOR = YES;
				GCC_WARN_UNINITIALIZED_AUTOS = YES_AGGRESSIVE;
				GCC_WARN_UNUSED_FUNCTION = YES;
				GCC_WARN_UNUSED_VARIABLE = YES;
				IPHONEOS_DEPLOYMENT_TARGET = 16.0;
				MTL_ENABLE_DEBUG_INFO = INCLUDE_SOURCE;
				MTL_FAST_MATH = YES;
				ONLY_ACTIVE_ARCH = YES;
				SDKROOT = iphoneos;
				SWIFT_ACTIVE_COMPILATION_CONDITIONS = DEBUG;
				SWIFT_OPTIMIZATION_LEVEL = "-Onone";
			};
			name = Debug;
		};
		FC1C0FD32A8206F10075AB92 /* Release */ = {
			isa = XCBuildConfiguration;
			buildSettings = {
				ALWAYS_SEARCH_USER_PATHS = NO;
				CLANG_ANALYZER_LOCALIZABILITY_NONLOCALIZED = YES;
				CLANG_ANALYZER_NONNULL = YES;
				CLANG_ANALYZER_NUMBER_OBJECT_CONVERSION = YES_AGGRESSIVE;
				CLANG_CXX_LANGUAGE_STANDARD = "gnu++20";
				CLANG_ENABLE_MODULES = YES;
				CLANG_ENABLE_OBJC_ARC = YES;
				CLANG_ENABLE_OBJC_WEAK = YES;
				CLANG_WARN_BLOCK_CAPTURE_AUTORELEASING = YES;
				CLANG_WARN_BOOL_CONVERSION = YES;
				CLANG_WARN_COMMA = YES;
				CLANG_WARN_CONSTANT_CONVERSION = YES;
				CLANG_WARN_DEPRECATED_OBJC_IMPLEMENTATIONS = YES;
				CLANG_WARN_DIRECT_OBJC_ISA_USAGE = YES_ERROR;
				CLANG_WARN_DOCUMENTATION_COMMENTS = YES;
				CLANG_WARN_EMPTY_BODY = YES;
				CLANG_WARN_ENUM_CONVERSION = YES;
				CLANG_WARN_INFINITE_RECURSION = YES;
				CLANG_WARN_INT_CONVERSION = YES;
				CLANG_WARN_NON_LITERAL_NULL_CONVERSION = YES;
				CLANG_WARN_OBJC_IMPLICIT_RETAIN_SELF = YES;
				CLANG_WARN_OBJC_LITERAL_CONVERSION = YES;
				CLANG_WARN_OBJC_ROOT_CLASS = YES_ERROR;
				CLANG_WARN_QUOTED_INCLUDE_IN_FRAMEWORK_HEADER = YES;
				CLANG_WARN_RANGE_LOOP_ANALYSIS = YES;
				CLANG_WARN_STRICT_PROTOTYPES = YES;
				CLANG_WARN_SUSPICIOUS_MOVE = YES;
				CLANG_WARN_UNGUARDED_AVAILABILITY = YES_AGGRESSIVE;
				CLANG_WARN_UNREACHABLE_CODE = YES;
				CLANG_WARN__DUPLICATE_METHOD_MATCH = YES;
				COPY_PHASE_STRIP = NO;
				DEBUG_INFORMATION_FORMAT = "dwarf-with-dsym";
				ENABLE_NS_ASSERTIONS = NO;
				ENABLE_STRICT_OBJC_MSGSEND = YES;
				GCC_C_LANGUAGE_STANDARD = gnu11;
				GCC_NO_COMMON_BLOCKS = YES;
				GCC_WARN_64_TO_32_BIT_CONVERSION = YES;
				GCC_WARN_ABOUT_RETURN_TYPE = YES_ERROR;
				GCC_WARN_UNDECLARED_SELECTOR = YES;
				GCC_WARN_UNINITIALIZED_AUTOS = YES_AGGRESSIVE;
				GCC_WARN_UNUSED_FUNCTION = YES;
				GCC_WARN_UNUSED_VARIABLE = YES;
				IPHONEOS_DEPLOYMENT_TARGET = 16.0;
				MTL_ENABLE_DEBUG_INFO = NO;
				MTL_FAST_MATH = YES;
				SDKROOT = iphoneos;
				SWIFT_COMPILATION_MODE = wholemodule;
				SWIFT_OPTIMIZATION_LEVEL = "-O";
				VALIDATE_PRODUCT = YES;
			};
			name = Release;
		};
		FC1C0FD52A8206F10075AB92 /* Debug */ = {
			isa = XCBuildConfiguration;
			buildSettings = {
				ASSETCATALOG_COMPILER_APPICON_NAME = AppIcon;
				ASSETCATALOG_COMPILER_GLOBAL_ACCENT_COLOR_NAME = AccentColor;
				CODE_SIGN_STYLE = Automatic;
				CURRENT_PROJECT_VERSION = 1;
				DEVELOPMENT_ASSET_PATHS = "\"Aztec/Preview Content\"";
				DEVELOPMENT_TEAM = 7Q7P4QSJ2J;
				ENABLE_PREVIEWS = YES;
				GENERATE_INFOPLIST_FILE = YES;
				INFOPLIST_FILE = Aztec/Info.plist;
				INFOPLIST_KEY_CFBundleDisplayName = "Aztec X";
				INFOPLIST_KEY_LSApplicationCategoryType = "public.app-category.educational-games";
				INFOPLIST_KEY_UIApplicationSupportsIndirectInputEvents = YES;
				INFOPLIST_KEY_UILaunchStoryboardName = LaunchScreen.storyboard;
				INFOPLIST_KEY_UISupportedInterfaceOrientations = UIInterfaceOrientationPortrait;
				INFOPLIST_KEY_UISupportedInterfaceOrientations_iPad = "UIInterfaceOrientationLandscapeLeft UIInterfaceOrientationLandscapeRight UIInterfaceOrientationPortrait UIInterfaceOrientationPortraitUpsideDown";
				IPHONEOS_DEPLOYMENT_TARGET = 16.0;
				LD_RUNPATH_SEARCH_PATHS = (
					"$(inherited)",
					"@executable_path/Frameworks",
				);
				MARKETING_VERSION = 1.0;
				PRODUCT_BUNDLE_IDENTIFIER = com.matheustorres.Aztec;
				PRODUCT_NAME = "$(TARGET_NAME)";
				SUPPORTED_PLATFORMS = "iphoneos iphonesimulator";
				SUPPORTS_MACCATALYST = NO;
				SUPPORTS_MAC_DESIGNED_FOR_IPHONE_IPAD = NO;
				SWIFT_EMIT_LOC_STRINGS = YES;
				SWIFT_VERSION = 5.0;
				TARGETED_DEVICE_FAMILY = 1;
			};
			name = Debug;
		};
		FC1C0FD62A8206F10075AB92 /* Release */ = {
			isa = XCBuildConfiguration;
			buildSettings = {
				ASSETCATALOG_COMPILER_APPICON_NAME = AppIcon;
				ASSETCATALOG_COMPILER_GLOBAL_ACCENT_COLOR_NAME = AccentColor;
				CODE_SIGN_STYLE = Automatic;
				CURRENT_PROJECT_VERSION = 1;
				DEVELOPMENT_ASSET_PATHS = "\"Aztec/Preview Content\"";
				DEVELOPMENT_TEAM = 7Q7P4QSJ2J;
				ENABLE_PREVIEWS = YES;
				GENERATE_INFOPLIST_FILE = YES;
				INFOPLIST_FILE = Aztec/Info.plist;
				INFOPLIST_KEY_CFBundleDisplayName = "Aztec X";
				INFOPLIST_KEY_LSApplicationCategoryType = "public.app-category.educational-games";
				INFOPLIST_KEY_UIApplicationSupportsIndirectInputEvents = YES;
				INFOPLIST_KEY_UILaunchStoryboardName = LaunchScreen.storyboard;
				INFOPLIST_KEY_UISupportedInterfaceOrientations = UIInterfaceOrientationPortrait;
				INFOPLIST_KEY_UISupportedInterfaceOrientations_iPad = "UIInterfaceOrientationLandscapeLeft UIInterfaceOrientationLandscapeRight UIInterfaceOrientationPortrait UIInterfaceOrientationPortraitUpsideDown";
				IPHONEOS_DEPLOYMENT_TARGET = 16.0;
				LD_RUNPATH_SEARCH_PATHS = (
					"$(inherited)",
					"@executable_path/Frameworks",
				);
				MARKETING_VERSION = 1.0;
				PRODUCT_BUNDLE_IDENTIFIER = com.matheustorres.Aztec;
				PRODUCT_NAME = "$(TARGET_NAME)";
				SUPPORTED_PLATFORMS = "iphoneos iphonesimulator";
				SUPPORTS_MACCATALYST = NO;
				SUPPORTS_MAC_DESIGNED_FOR_IPHONE_IPAD = NO;
				SWIFT_EMIT_LOC_STRINGS = YES;
				SWIFT_VERSION = 5.0;
				TARGETED_DEVICE_FAMILY = 1;
			};
			name = Release;
		};
/* End XCBuildConfiguration section */

/* Begin XCConfigurationList section */
		FC1C0FC12A8206EF0075AB92 /* Build configuration list for PBXProject "Aztec" */ = {
			isa = XCConfigurationList;
			buildConfigurations = (
				FC1C0FD22A8206F10075AB92 /* Debug */,
				FC1C0FD32A8206F10075AB92 /* Release */,
			);
			defaultConfigurationIsVisible = 0;
			defaultConfigurationName = Release;
		};
		FC1C0FD42A8206F10075AB92 /* Build configuration list for PBXNativeTarget "Aztec" */ = {
			isa = XCConfigurationList;
			buildConfigurations = (
				FC1C0FD52A8206F10075AB92 /* Debug */,
				FC1C0FD62A8206F10075AB92 /* Release */,
			);
			defaultConfigurationIsVisible = 0;
			defaultConfigurationName = Release;
		};
/* End XCConfigurationList section */
	};
	rootObject = FC1C0FBE2A8206EF0075AB92 /* Project object */;
}
